
Microsoft Visual Studio Solution File, Format Version 12.00
# Visual Studio Version 16
VisualStudioVersion = 16.0.31313.79
MinimumVisualStudioVersion = 10.0.40219.1
Project("{FAE04EC0-301F-11D3-BF4B-00C04F79EFBC}") = "filterCVSocket", "filterCVSocket\filterCVSocket.csproj", "{87E6D03E-F8E6-469A-9020-2DE5E34E73DA}"
EndProject
Global
	GlobalSection(SolutionConfigurationPlatforms) = preSolution
		Debug|Any CPU = Debug|Any CPU
		Release|Any CPU = Release|Any CPU
	EndGlobalSection
	GlobalSection(ProjectConfigurationPlatforms) = postSolution
		{87E6D03E-F8E6-469A-9020-2DE5E34E73DA}.Debug|Any CPU.ActiveCfg = Debug|Any CPU
		{87E6D03E-F8E6-469A-9020-2DE5E34E73DA}.Debug|Any CPU.Build.0 = Debug|Any CPU
		{87E6D03E-F8E6-469A-9020-2DE5E34E73DA}.Release|Any CPU.ActiveCfg = Release|Any CPU
		{87E6D03E-F8E6-469A-9020-2DE5E34E73DA}.Release|Any CPU.Build.0 = Release|Any CPU
	EndGlobalSection
	GlobalSection(SolutionProperties) = preSolution
		HideSolutionNode = FALSE
	EndGlobalSection
	GlobalSection(ExtensibilityGlobals) = postSolution
		SolutionGuid = {897527FF-3D2E-4DBF-8899-48AAFF9F0A78}
	EndGlobalSection
EndGlobal
